
Microsoft Visual Studio Solution File, Format Version 12.00
# Visual Studio Version 17
VisualStudioVersion = 17.8.34330.188
MinimumVisualStudioVersion = 10.0.40219.1
Project("{FAE04EC0-301F-11D3-BF4B-00C04F79EFBC}") = "Megyek", "Megyek\Megyek.csproj", "{D9FFD92D-2A08-4B37-A4F1-94F4C1F9D0C0}"
EndProject
Global
	GlobalSection(SolutionConfigurationPlatforms) = preSolution
		Debug|Any CPU = Debug|Any CPU
		Release|Any CPU = Release|Any CPU
	EndGlobalSection
	GlobalSection(ProjectConfigurationPlatforms) = postSolution
		{D9FFD92D-2A08-4B37-A4F1-94F4C1F9D0C0}.Debug|Any CPU.ActiveCfg = Debug|Any CPU
		{D9FFD92D-2A08-4B37-A4F1-94F4C1F9D0C0}.Debug|Any CPU.Build.0 = Debug|Any CPU
		{D9FFD92D-2A08-4B37-A4F1-94F4C1F9D0C0}.Release|Any CPU.ActiveCfg = Release|Any CPU
		{D9FFD92D-2A08-4B37-A4F1-94F4C1F9D0C0}.Release|Any CPU.Build.0 = Release|Any CPU
	EndGlobalSection
	GlobalSection(SolutionProperties) = preSolution
		HideSolutionNode = FALSE
	EndGlobalSection
	GlobalSection(ExtensibilityGlobals) = postSolution
		SolutionGuid = {B67F3A05-BB2F-4186-BBBF-8F3962BEDC6D}
	EndGlobalSection
EndGlobal
